<Solution>
  <Folder Name="/src/">
    <Project Path="src/KestrelBackend/KestrelBackend.csproj" />
    <Project Path="src/LegacyLib/LegacyLib.csproj" />
  </Folder>
  <Folder Name="/tests/">
    <Project Path="tests/KestrelBackend.Tests/KestrelBackend.Tests.csproj" />
  </Folder>
</Solution>
